---
- hosts: all
  become: yes
  tasks:

  - name: Check and Print Linux Version
    debug: var=ansible_os_family

  - block:  # =========== FOR RHel ============== #

      - name: Install Apache Web Server on Rhel
        yum: name=httpd state=latest

      - name: Start Web Server on Rhel
        service: name=httpd state=started enabled=yes

    when: ansible_os_family == "RedHat"


  - block:  # =========== FOR Ubuntu ============== #

      - name: Install Apache Web Server on Ubuntu
        yum: name=apache2 state=latest

      - name: Start Web Server on Rhel
        service: name=apache2 state=started enabled=yes

    when: ansible_os_family == "Debian"
